
Microsoft Visual Studio Solution File, Format Version 12.00
# Visual Studio Version 16
VisualStudioVersion = 16.0.31613.86
MinimumVisualStudioVersion = 10.0.40219.1
Project("{FAE04EC0-301F-11D3-BF4B-00C04F79EFBC}") = "AnaliseEMGE", "AnaliseEMGE\AnaliseEMGE.csproj", "{0D86C893-29A2-41C0-8450-520BA9613E66}"
EndProject
Global
	GlobalSection(SolutionConfigurationPlatforms) = preSolution
		Debug|Any CPU = Debug|Any CPU
		Release|Any CPU = Release|Any CPU
	EndGlobalSection
	GlobalSection(ProjectConfigurationPlatforms) = postSolution
		{0D86C893-29A2-41C0-8450-520BA9613E66}.Debug|Any CPU.ActiveCfg = Debug|Any CPU
		{0D86C893-29A2-41C0-8450-520BA9613E66}.Debug|Any CPU.Build.0 = Debug|Any CPU
		{0D86C893-29A2-41C0-8450-520BA9613E66}.Release|Any CPU.ActiveCfg = Release|Any CPU
		{0D86C893-29A2-41C0-8450-520BA9613E66}.Release|Any CPU.Build.0 = Release|Any CPU
	EndGlobalSection
	GlobalSection(SolutionProperties) = preSolution
		HideSolutionNode = FALSE
	EndGlobalSection
	GlobalSection(ExtensibilityGlobals) = postSolution
		SolutionGuid = {F64F3E5C-A99C-4426-9F4A-83B6AD73B70A}
	EndGlobalSection
EndGlobal
